{
  "name": "AnimalTracker",
  "lockfileVersion": 3,
  "requires": true,
  "packages": {
    "": {
      "dependencies": {
        "leaflet-fullscreen": "^1.0.2",
        "screenfull": "^6.0.2"
      }
    },
    "node_modules/leaflet-fullscreen": {
      "version": "1.0.2",
      "resolved": "https://registry.npmjs.org/leaflet-fullscreen/-/leaflet-fullscreen-1.0.2.tgz",
      "integrity": "sha512-1Yxm8RZg6KlKX25+hbP2H/wnOAphH7hFcvuADJFb4QZTN7uOSN9Hsci5EZpow8vtNej9OGzu59Jxmn+0qKOO9Q=="
    },
    "node_modules/screenfull": {
      "version": "6.0.2",
      "resolved": "https://registry.npmjs.org/screenfull/-/screenfull-6.0.2.tgz",
      "integrity": "sha512-AQdy8s4WhNvUZ6P8F6PB21tSPIYKniic+Ogx0AacBMjKP1GUHN2E9URxQHtCusiwxudnCKkdy4GrHXPPJSkCCw==",
      "engines": {
        "node": "^14.13.1 || >=16.0.0"
      },
      "funding": {
        "url": "https://github.com/sponsors/sindresorhus"
      }
    }
  }
}
